// !$*UTF8*$!
{
	archiveVersion = 1;
	classes = {
	};
	objectVersion = 55;
	objects = {

/* Begin PBXBuildFile section */
		0BE20BA4B71A8B6707E9B8DD /* Pods_testfile.framework in Frameworks */ = {isa = PBXBuildFile; fileRef = 394FD9C42128915F21667C44 /* Pods_testfile.framework */; };
		60AA1408271E605E002209AD /* AppDelegate.swift in Sources */ = {isa = PBXBuildFile; fileRef = 60AA1407271E605E002209AD /* AppDelegate.swift */; };
		60AA140A271E605E002209AD /* SceneDelegate.swift in Sources */ = {isa = PBXBuildFile; fileRef = 60AA1409271E605E002209AD /* SceneDelegate.swift */; };
		60AA140C271E605E002209AD /* ViewController.swift in Sources */ = {isa = PBXBuildFile; fileRef = 60AA140B271E605E002209AD /* ViewController.swift */; };
		60AA140F271E605E002209AD /* Main.storyboard in Resources */ = {isa = PBXBuildFile; fileRef = 60AA140D271E605E002209AD /* Main.storyboard */; };
		60AA1411271E605F002209AD /* Assets.xcassets in Resources */ = {isa = PBXBuildFile; fileRef = 60AA1410271E605F002209AD /* Assets.xcassets */; };
		60AA1414271E605F002209AD /* LaunchScreen.storyboard in Resources */ = {isa = PBXBuildFile; fileRef = 60AA1412271E605F002209AD /* LaunchScreen.storyboard */; };
		60AA141C271E60E4002209AD /* Podfile in Resources */ = {isa = PBXBuildFile; fileRef = 60AA141B271E60E4002209AD /* Podfile */; };
/* End PBXBuildFile section */

/* Begin PBXFileReference section */
		394FD9C42128915F21667C44 /* Pods_testfile.framework */ = {isa = PBXFileReference; explicitFileType = wrapper.framework; includeInIndex = 0; path = Pods_testfile.framework; sourceTree = BUILT_PRODUCTS_DIR; };
		6006C235271FE6B60086C546 /* SCSDKCoreKit.xcframework */ = {isa = PBXFileReference; lastKnownFileType = wrapper.xcframework; name = SCSDKCoreKit.xcframework; path = Pods/SnapSDK/SCSDKCoreKit.xcframework; sourceTree = "<group>"; };
		6006C239271FE6BC0086C546 /* SCSDKLoginKit.xcframework */ = {isa = PBXFileReference; lastKnownFileType = wrapper.xcframework; name = SCSDKLoginKit.xcframework; path = Pods/SnapSDK/SCSDKLoginKit.xcframework; sourceTree = "<group>"; };
		60AA1404271E605E002209AD /* testfile.app */ = {isa = PBXFileReference; explicitFileType = wrapper.application; includeInIndex = 0; path = testfile.app; sourceTree = BUILT_PRODUCTS_DIR; };
		60AA1407271E605E002209AD /* AppDelegate.swift */ = {isa = PBXFileReference; lastKnownFileType = sourcecode.swift; path = AppDelegate.swift; sourceTree = "<group>"; };
		60AA1409271E605E002209AD /* SceneDelegate.swift */ = {isa = PBXFileReference; lastKnownFileType = sourcecode.swift; path = SceneDelegate.swift; sourceTree = "<group>"; };
		60AA140B271E605E002209AD /* ViewController.swift */ = {isa = PBXFileReference; lastKnownFileType = sourcecode.swift; path = ViewController.swift; sourceTree = "<group>"; };
		60AA140E271E605E002209AD /* Base */ = {isa = PBXFileReference; lastKnownFileType = file.storyboard; name = Base; path = Base.lproj/Main.storyboard; sourceTree = "<group>"; };
		60AA1410271E605F002209AD /* Assets.xcassets */ = {isa = PBXFileReference; lastKnownFileType = folder.assetcatalog; path = Assets.xcassets; sourceTree = "<group>"; };
		60AA1413271E605F002209AD /* Base */ = {isa = PBXFileReference; lastKnownFileType = file.storyboard; name = Base; path = Base.lproj/LaunchScreen.storyboard; sourceTree = "<group>"; };
		60AA1415271E605F002209AD /* Info.plist */ = {isa = PBXFileReference; lastKnownFileType = text.plist.xml; path = Info.plist; sourceTree = "<group>"; };
		60AA141B271E60E4002209AD /* Podfile */ = {isa = PBXFileReference; fileEncoding = 4; lastKnownFileType = text; path = Podfile; sourceTree = "<group>"; };
		A8AA72449CEFA2D28B47534F /* Pods-testfile.debug.xcconfig */ = {isa = PBXFileReference; includeInIndex = 1; lastKnownFileType = text.xcconfig; name = "Pods-testfile.debug.xcconfig"; path = "Target Support Files/Pods-testfile/Pods-testfile.debug.xcconfig"; sourceTree = "<group>"; };
		EB40D11C092D51F5C6B75B31 /* Pods-testfile.release.xcconfig */ = {isa = PBXFileReference; includeInIndex = 1; lastKnownFileType = text.xcconfig; name = "Pods-testfile.release.xcconfig"; path = "Target Support Files/Pods-testfile/Pods-testfile.release.xcconfig"; sourceTree = "<group>"; };
/* End PBXFileReference section */

/* Begin PBXFrameworksBuildPhase section */
		60AA1401271E605E002209AD /* Frameworks */ = {
			isa = PBXFrameworksBuildPhase;
			buildActionMask = 2147483647;
			files = (
				0BE20BA4B71A8B6707E9B8DD /* Pods_testfile.framework in Frameworks */,
			);
			runOnlyForDeploymentPostprocessing = 0;
		};
/* End PBXFrameworksBuildPhase section */

/* Begin PBXGroup section */
		29BF9B6B647A7A780AB75D36 /* Frameworks */ = {
			isa = PBXGroup;
			children = (
				6006C239271FE6BC0086C546 /* SCSDKLoginKit.xcframework */,
				6006C235271FE6B60086C546 /* SCSDKCoreKit.xcframework */,
				394FD9C42128915F21667C44 /* Pods_testfile.framework */,
			);
			name = Frameworks;
			sourceTree = "<group>";
		};
		60AA13FB271E605E002209AD = {
			isa = PBXGroup;
			children = (
				60AA141B271E60E4002209AD /* Podfile */,
				60AA1406271E605E002209AD /* testfile */,
				60AA1405271E605E002209AD /* Products */,
				87EFC61FCC95694445F5A23C /* Pods */,
				29BF9B6B647A7A780AB75D36 /* Frameworks */,
			);
			sourceTree = "<group>";
		};
		60AA1405271E605E002209AD /* Products */ = {
			isa = PBXGroup;
			children = (
				60AA1404271E605E002209AD /* testfile.app */,
			);
			name = Products;
			sourceTree = "<group>";
		};
		60AA1406271E605E002209AD /* testfile */ = {
			isa = PBXGroup;
			children = (
				60AA1407271E605E002209AD /* AppDelegate.swift */,
				60AA1409271E605E002209AD /* SceneDelegate.swift */,
				60AA140B271E605E002209AD /* ViewController.swift */,
				60AA140D271E605E002209AD /* Main.storyboard */,
				60AA1410271E605F002209AD /* Assets.xcassets */,
				60AA1412271E605F002209AD /* LaunchScreen.storyboard */,
				60AA1415271E605F002209AD /* Info.plist */,
			);
			path = testfile;
			sourceTree = "<group>";
		};
		87EFC61FCC95694445F5A23C /* Pods */ = {
			isa = PBXGroup;
			children = (
				A8AA72449CEFA2D28B47534F /* Pods-testfile.debug.xcconfig */,
				EB40D11C092D51F5C6B75B31 /* Pods-testfile.release.xcconfig */,
			);
			path = Pods;
			sourceTree = "<group>";
		};
/* End PBXGroup section */

/* Begin PBXNativeTarget section */
		60AA1403271E605E002209AD /* testfile */ = {
			isa = PBXNativeTarget;
			buildConfigurationList = 60AA1418271E605F002209AD /* Build configuration list for PBXNativeTarget "testfile" */;
			buildPhases = (
				CA2FCA6DDEC8CFC79902FC4B /* [CP] Check Pods Manifest.lock */,
				60AA1400271E605E002209AD /* Sources */,
				60AA1401271E605E002209AD /* Frameworks */,
				60AA1402271E605E002209AD /* Resources */,
				928BC4E1D28D951CF03525A7 /* [CP] Embed Pods Frameworks */,
			);
			buildRules = (
			);
			dependencies = (
			);
			name = testfile;
			productName = testfile;
			productReference = 60AA1404271E605E002209AD /* testfile.app */;
			productType = "com.apple.product-type.application";
		};
/* End PBXNativeTarget section */

/* Begin PBXProject section */
		60AA13FC271E605E002209AD /* Project object */ = {
			isa = PBXProject;
			attributes = {
				BuildIndependentTargetsInParallel = 1;
				LastSwiftUpdateCheck = 1300;
				LastUpgradeCheck = 1300;
				TargetAttributes = {
					60AA1403271E605E002209AD = {
						CreatedOnToolsVersion = 13.0;
					};
				};
			};
			buildConfigurationList = 60AA13FF271E605E002209AD /* Build configuration list for PBXProject "testfile" */;
			compatibilityVersion = "Xcode 13.0";
			developmentRegion = en;
			hasScannedForEncodings = 0;
			knownRegions = (
				en,
				Base,
			);
			mainGroup = 60AA13FB271E605E002209AD;
			productRefGroup = 60AA1405271E605E002209AD /* Products */;
			projectDirPath = "";
			projectRoot = "";
			targets = (
				60AA1403271E605E002209AD /* testfile */,
			);
		};
/* End PBXProject section */

/* Begin PBXResourcesBuildPhase section */
		60AA1402271E605E002209AD /* Resources */ = {
			isa = PBXResourcesBuildPhase;
			buildActionMask = 2147483647;
			files = (
				60AA1414271E605F002209AD /* LaunchScreen.storyboard in Resources */,
				60AA1411271E605F002209AD /* Assets.xcassets in Resources */,
				60AA141C271E60E4002209AD /* Podfile in Resources */,
				60AA140F271E605E002209AD /* Main.storyboard in Resources */,
			);
			runOnlyForDeploymentPostprocessing = 0;
		};
/* End PBXResourcesBuildPhase section */

/* Begin PBXShellScriptBuildPhase section */
		928BC4E1D28D951CF03525A7 /* [CP] Embed Pods Frameworks */ = {
			isa = PBXShellScriptBuildPhase;
			buildActionMask = 2147483647;
			files = (
			);
			inputFileListPaths = (
				"${PODS_ROOT}/Target Support Files/Pods-testfile/Pods-testfile-frameworks-${CONFIGURATION}-input-files.xcfilelist",
			);
			name = "[CP] Embed Pods Frameworks";
			outputFileListPaths = (
				"${PODS_ROOT}/Target Support Files/Pods-testfile/Pods-testfile-frameworks-${CONFIGURATION}-output-files.xcfilelist",
			);
			runOnlyForDeploymentPostprocessing = 0;
			shellPath = /bin/sh;
			shellScript = "\"${PODS_ROOT}/Target Support Files/Pods-testfile/Pods-testfile-frameworks.sh\"\n";
			showEnvVarsInLog = 0;
		};
		CA2FCA6DDEC8CFC79902FC4B /* [CP] Check Pods Manifest.lock */ = {
			isa = PBXShellScriptBuildPhase;
			buildActionMask = 2147483647;
			files = (
			);
			inputFileListPaths = (
			);
			inputPaths = (
				"${PODS_PODFILE_DIR_PATH}/Podfile.lock",
				"${PODS_ROOT}/Manifest.lock",
			);
			name = "[CP] Check Pods Manifest.lock";
			outputFileListPaths = (
			);
			outputPaths = (
				"$(DERIVED_FILE_DIR)/Pods-testfile-checkManifestLockResult.txt",
			);
			runOnlyForDeploymentPostprocessing = 0;
			shellPath = /bin/sh;
			shellScript = "diff \"${PODS_PODFILE_DIR_PATH}/Podfile.lock\" \"${PODS_ROOT}/Manifest.lock\" > /dev/null\nif [ $? != 0 ] ; then\n    # print error to STDERR\n    echo \"error: The sandbox is not in sync with the Podfile.lock. Run 'pod install' or update your CocoaPods installation.\" >&2\n    exit 1\nfi\n# This output is used by Xcode 'outputs' to avoid re-running this script phase.\necho \"SUCCESS\" > \"${SCRIPT_OUTPUT_FILE_0}\"\n";
			showEnvVarsInLog = 0;
		};
/* End PBXShellScriptBuildPhase section */

/* Begin PBXSourcesBuildPhase section */
		60AA1400271E605E002209AD /* Sources */ = {
			isa = PBXSourcesBuildPhase;
			buildActionMask = 2147483647;
			files = (
				60AA140C271E605E002209AD /* ViewController.swift in Sources */,
				60AA1408271E605E002209AD /* AppDelegate.swift in Sources */,
				60AA140A271E605E002209AD /* SceneDelegate.swift in Sources */,
			);
			runOnlyForDeploymentPostprocessing = 0;
		};
/* End PBXSourcesBuildPhase section */

/* Begin PBXVariantGroup section */
		60AA140D271E605E002209AD /* Main.storyboard */ = {
			isa = PBXVariantGroup;
			children = (
				60AA140E271E605E002209AD /* Base */,
			);
			name = Main.storyboard;
			sourceTree = "<group>";
		};
		60AA1412271E605F002209AD /* LaunchScreen.storyboard */ = {
			isa = PBXVariantGroup;
			children = (
				60AA1413271E605F002209AD /* Base */,
			);
			name = LaunchScreen.storyboard;
			sourceTree = "<group>";
		};
/* End PBXVariantGroup section */

/* Begin XCBuildConfiguration section */
		60AA1416271E605F002209AD /* Debug */ = {
			isa = XCBuildConfiguration;
			buildSettings = {
				ALWAYS_SEARCH_USER_PATHS = NO;
				CLANG_ANALYZER_NONNULL = YES;
				CLANG_ANALYZER_NUMBER_OBJECT_CONVERSION = YES_AGGRESSIVE;
				CLANG_CXX_LANGUAGE_STANDARD = "gnu++17";
				CLANG_CXX_LIBRARY = "libc++";
				CLANG_ENABLE_MODULES = YES;
				CLANG_ENABLE_OBJC_ARC = YES;
				CLANG_ENABLE_OBJC_WEAK = YES;
				CLANG_WARN_BLOCK_CAPTURE_AUTORELEASING = YES;
				CLANG_WARN_BOOL_CONVERSION = YES;
				CLANG_WARN_COMMA = YES;
				CLANG_WARN_CONSTANT_CONVERSION = YES;
				CLANG_WARN_DEPRECATED_OBJC_IMPLEMENTATIONS = YES;
				CLANG_WARN_DIRECT_OBJC_ISA_USAGE = YES_ERROR;
				CLANG_WARN_DOCUMENTATION_COMMENTS = YES;
				CLANG_WARN_EMPTY_BODY = YES;
				CLANG_WARN_ENUM_CONVERSION = YES;
				CLANG_WARN_INFINITE_RECURSION = YES;
				CLANG_WARN_INT_CONVERSION = YES;
				CLANG_WARN_NON_LITERAL_NULL_CONVERSION = YES;
				CLANG_WARN_OBJC_IMPLICIT_RETAIN_SELF = YES;
				CLANG_WARN_OBJC_LITERAL_CONVERSION = YES;
				CLANG_WARN_OBJC_ROOT_CLASS = YES_ERROR;
				CLANG_WARN_QUOTED_INCLUDE_IN_FRAMEWORK_HEADER = YES;
				CLANG_WARN_RANGE_LOOP_ANALYSIS = YES;
				CLANG_WARN_STRICT_PROTOTYPES = YES;
				CLANG_WARN_SUSPICIOUS_MOVE = YES;
				CLANG_WARN_UNGUARDED_AVAILABILITY = YES_AGGRESSIVE;
				CLANG_WARN_UNREACHABLE_CODE = YES;
				CLANG_WARN__DUPLICATE_METHOD_MATCH = YES;
				COPY_PHASE_STRIP = NO;
				DEBUG_INFORMATION_FORMAT = dwarf;
				ENABLE_STRICT_OBJC_MSGSEND = YES;
				ENABLE_TESTABILITY = YES;
				GCC_C_LANGUAGE_STANDARD = gnu11;
				GCC_DYNAMIC_NO_PIC = NO;
				GCC_NO_COMMON_BLOCKS = YES;
				GCC_OPTIMIZATION_LEVEL = 0;
				GCC_PREPROCESSOR_DEFINITIONS = (
					"DEBUG=1",
					"$(inherited)",
				);
				GCC_WARN_64_TO_32_BIT_CONVERSION = YES;
				GCC_WARN_ABOUT_RETURN_TYPE = YES_ERROR;
				GCC_WARN_UNDECLARED_SELECTOR = YES;
				GCC_WARN_UNINITIALIZED_AUTOS = YES_AGGRESSIVE;
				GCC_WARN_UNUSED_FUNCTION = YES;
				GCC_WARN_UNUSED_VARIABLE = YES;
				IPHONEOS_DEPLOYMENT_TARGET = 15.0;
				MTL_ENABLE_DEBUG_INFO = INCLUDE_SOURCE;
				MTL_FAST_MATH = YES;
				ONLY_ACTIVE_ARCH = YES;
				SDKROOT = iphoneos;
				SWIFT_ACTIVE_COMPILATION_CONDITIONS = DEBUG;
				SWIFT_OPTIMIZATION_LEVEL = "-Onone";
			};
			name = Debug;
		};
		60AA1417271E605F002209AD /* Release */ = {
			isa = XCBuildConfiguration;
			buildSettings = {
				ALWAYS_SEARCH_USER_PATHS = NO;
				CLANG_ANALYZER_NONNULL = YES;
				CLANG_ANALYZER_NUMBER_OBJECT_CONVERSION = YES_AGGRESSIVE;
				CLANG_CXX_LANGUAGE_STANDARD = "gnu++17";
				CLANG_CXX_LIBRARY = "libc++";
				CLANG_ENABLE_MODULES = YES;
				CLANG_ENABLE_OBJC_ARC = YES;
				CLANG_ENABLE_OBJC_WEAK = YES;
				CLANG_WARN_BLOCK_CAPTURE_AUTORELEASING = YES;
				CLANG_WARN_BOOL_CONVERSION = YES;
				CLANG_WARN_COMMA = YES;
				CLANG_WARN_CONSTANT_CONVERSION = YES;
				CLANG_WARN_DEPRECATED_OBJC_IMPLEMENTATIONS = YES;
				CLANG_WARN_DIRECT_OBJC_ISA_USAGE = YES_ERROR;
				CLANG_WARN_DOCUMENTATION_COMMENTS = YES;
				CLANG_WARN_EMPTY_BODY = YES;
				CLANG_WARN_ENUM_CONVERSION = YES;
				CLANG_WARN_INFINITE_RECURSION = YES;
				CLANG_WARN_INT_CONVERSION = YES;
				CLANG_WARN_NON_LITERAL_NULL_CONVERSION = YES;
				CLANG_WARN_OBJC_IMPLICIT_RETAIN_SELF = YES;
				CLANG_WARN_OBJC_LITERAL_CONVERSION = YES;
				CLANG_WARN_OBJC_ROOT_CLASS = YES_ERROR;
				CLANG_WARN_QUOTED_INCLUDE_IN_FRAMEWORK_HEADER = YES;
				CLANG_WARN_RANGE_LOOP_ANALYSIS = YES;
				CLANG_WARN_STRICT_PROTOTYPES = YES;
				CLANG_WARN_SUSPICIOUS_MOVE = YES;
				CLANG_WARN_UNGUARDED_AVAILABILITY = YES_AGGRESSIVE;
				CLANG_WARN_UNREACHABLE_CODE = YES;
				CLANG_WARN__DUPLICATE_METHOD_MATCH = YES;
				COPY_PHASE_STRIP = NO;
				DEBUG_INFORMATION_FORMAT = "dwarf-with-dsym";
				ENABLE_NS_ASSERTIONS = NO;
				ENABLE_STRICT_OBJC_MSGSEND = YES;
				GCC_C_LANGUAGE_STANDARD = gnu11;
				GCC_NO_COMMON_BLOCKS = YES;
				GCC_WARN_64_TO_32_BIT_CONVERSION = YES;
				GCC_WARN_ABOUT_RETURN_TYPE = YES_ERROR;
				GCC_WARN_UNDECLARED_SELECTOR = YES;
				GCC_WARN_UNINITIALIZED_AUTOS = YES_AGGRESSIVE;
				GCC_WARN_UNUSED_FUNCTION = YES;
				GCC_WARN_UNUSED_VARIABLE = YES;
				IPHONEOS_DEPLOYMENT_TARGET = 15.0;
				MTL_ENABLE_DEBUG_INFO = NO;
				MTL_FAST_MATH = YES;
				SDKROOT = iphoneos;
				SWIFT_COMPILATION_MODE = wholemodule;
				SWIFT_OPTIMIZATION_LEVEL = "-O";
				VALIDATE_PRODUCT = YES;
			};
			name = Release;
		};
		60AA1419271E605F002209AD /* Debug */ = {
			isa = XCBuildConfiguration;
			baseConfigurationReference = A8AA72449CEFA2D28B47534F /* Pods-testfile.debug.xcconfig */;
			buildSettings = {
				ASSETCATALOG_COMPILER_APPICON_NAME = AppIcon;
				ASSETCATALOG_COMPILER_GLOBAL_ACCENT_COLOR_NAME = AccentColor;
				CODE_SIGN_STYLE = Automatic;
				CURRENT_PROJECT_VERSION = 1;
				DEVELOPMENT_TEAM = 64T88QXKH2;
				GENERATE_INFOPLIST_FILE = YES;
				INFOPLIST_FILE = testfile/Info.plist;
				INFOPLIST_KEY_UIApplicationSupportsIndirectInputEvents = YES;
				INFOPLIST_KEY_UILaunchStoryboardName = LaunchScreen;
				INFOPLIST_KEY_UIMainStoryboardFile = Main;
				INFOPLIST_KEY_UISupportedInterfaceOrientations_iPad = "UIInterfaceOrientationPortrait UIInterfaceOrientationPortraitUpsideDown UIInterfaceOrientationLandscapeLeft UIInterfaceOrientationLandscapeRight";
				INFOPLIST_KEY_UISupportedInterfaceOrientations_iPhone = "UIInterfaceOrientationPortrait UIInterfaceOrientationLandscapeLeft UIInterfaceOrientationLandscapeRight";
				LD_RUNPATH_SEARCH_PATHS = (
					"$(inherited)",
					"@executable_path/Frameworks",
				);
				MARKETING_VERSION = 1.0;
				PRODUCT_BUNDLE_IDENTIFIER = jonathannguyen.testfile;
				PRODUCT_NAME = "$(TARGET_NAME)";
				SWIFT_EMIT_LOC_STRINGS = YES;
				SWIFT_VERSION = 5.0;
				TARGETED_DEVICE_FAMILY = "1,2";
			};
			name = Debug;
		};
		60AA141A271E605F002209AD /* Release */ = {
			isa = XCBuildConfiguration;
			baseConfigurationReference = EB40D11C092D51F5C6B75B31 /* Pods-testfile.release.xcconfig */;
			buildSettings = {
				ASSETCATALOG_COMPILER_APPICON_NAME = AppIcon;
				ASSETCATALOG_COMPILER_GLOBAL_ACCENT_COLOR_NAME = AccentColor;
				CODE_SIGN_STYLE = Automatic;
				CURRENT_PROJECT_VERSION = 1;
				DEVELOPMENT_TEAM = 64T88QXKH2;
				GENERATE_INFOPLIST_FILE = YES;
				INFOPLIST_FILE = testfile/Info.plist;
				INFOPLIST_KEY_UIApplicationSupportsIndirectInputEvents = YES;
				INFOPLIST_KEY_UILaunchStoryboardName = LaunchScreen;
				INFOPLIST_KEY_UIMainStoryboardFile = Main;
				INFOPLIST_KEY_UISupportedInterfaceOrientations_iPad = "UIInterfaceOrientationPortrait UIInterfaceOrientationPortraitUpsideDown UIInterfaceOrientationLandscapeLeft UIInterfaceOrientationLandscapeRight";
				INFOPLIST_KEY_UISupportedInterfaceOrientations_iPhone = "UIInterfaceOrientationPortrait UIInterfaceOrientationLandscapeLeft UIInterfaceOrientationLandscapeRight";
				LD_RUNPATH_SEARCH_PATHS = (
					"$(inherited)",
					"@executable_path/Frameworks",
				);
				MARKETING_VERSION = 1.0;
				PRODUCT_BUNDLE_IDENTIFIER = jonathannguyen.testfile;
				PRODUCT_NAME = "$(TARGET_NAME)";
				SWIFT_EMIT_LOC_STRINGS = YES;
				SWIFT_VERSION = 5.0;
				TARGETED_DEVICE_FAMILY = "1,2";
			};
			name = Release;
		};
/* End XCBuildConfiguration section */

/* Begin XCConfigurationList section */
		60AA13FF271E605E002209AD /* Build configuration list for PBXProject "testfile" */ = {
			isa = XCConfigurationList;
			buildConfigurations = (
				60AA1416271E605F002209AD /* Debug */,
				60AA1417271E605F002209AD /* Release */,
			);
			defaultConfigurationIsVisible = 0;
			defaultConfigurationName = Release;
		};
		60AA1418271E605F002209AD /* Build configuration list for PBXNativeTarget "testfile" */ = {
			isa = XCConfigurationList;
			buildConfigurations = (
				60AA1419271E605F002209AD /* Debug */,
				60AA141A271E605F002209AD /* Release */,
			);
			defaultConfigurationIsVisible = 0;
			defaultConfigurationName = Release;
		};
/* End XCConfigurationList section */
	};
	rootObject = 60AA13FC271E605E002209AD /* Project object */;
}
